<Solution>
  <Project Path="SyncBridge.Adapters.AzureDevOps/SyncBridge.Adapters.AzureDevOps.csproj" />
  <Project Path="SyncBridge.Adapters.Crm.Mock/SyncBridge.Adapters.Crm.Mock.csproj" />
  <Project Path="SyncBridge.Adapters.ServiceDeskPlus/SyncBridge.Adapters.ServiceDeskPlus.csproj" />
  <Project Path="SyncBridge.CLI/SyncBridge.CLI.csproj" />
  <Project Path="SyncBridge.Core/SyncBridge.Core.csproj" />
</Solution>
